
Microsoft Visual Studio Solution File, Format Version 12.00
# Visual Studio Version 16
VisualStudioVersion = 16.0.30320.27
MinimumVisualStudioVersion = 10.0.40219.1
Project("{FAE04EC0-301F-11D3-BF4B-00C04F79EFBC}") = "TRASECrawler", "TRASECrawler\TRASECrawler.csproj", "{A1069EA8-777C-4D8A-ADC6-1457C7D60321}"
EndProject
Global
	GlobalSection(SolutionConfigurationPlatforms) = preSolution
		Debug|Any CPU = Debug|Any CPU
		Release|Any CPU = Release|Any CPU
	EndGlobalSection
	GlobalSection(ProjectConfigurationPlatforms) = postSolution
		{A1069EA8-777C-4D8A-ADC6-1457C7D60321}.Debug|Any CPU.ActiveCfg = Debug|Any CPU
		{A1069EA8-777C-4D8A-ADC6-1457C7D60321}.Debug|Any CPU.Build.0 = Debug|Any CPU
		{A1069EA8-777C-4D8A-ADC6-1457C7D60321}.Release|Any CPU.ActiveCfg = Release|Any CPU
		{A1069EA8-777C-4D8A-ADC6-1457C7D60321}.Release|Any CPU.Build.0 = Release|Any CPU
	EndGlobalSection
	GlobalSection(SolutionProperties) = preSolution
		HideSolutionNode = FALSE
	EndGlobalSection
	GlobalSection(ExtensibilityGlobals) = postSolution
		SolutionGuid = {3BACACF1-DBA8-4B3B-99DA-C631B207ABFE}
	EndGlobalSection
EndGlobal
